// !$*UTF8*$!
{
	archiveVersion = 1;
	classes = {
	};
	objectVersion = 48;
	objects = {

/* Begin PBXBuildFile section */
		AF122E0B207C2C920032C374 /* AppDelegate.m in Sources */ = {isa = PBXBuildFile; fileRef = AF122E0A207C2C920032C374 /* AppDelegate.m */; };
		AF122E0E207C2C920032C374 /* ViewController.m in Sources */ = {isa = PBXBuildFile; fileRef = AF122E0D207C2C920032C374 /* ViewController.m */; };
		AF122E11207C2C920032C374 /* Main.storyboard in Resources */ = {isa = PBXBuildFile; fileRef = AF122E0F207C2C920032C374 /* Main.storyboard */; };
		AF122E14207C2C920032C374 /* DemoAppiOS.xcdatamodeld in Sources */ = {isa = PBXBuildFile; fileRef = AF122E12207C2C920032C374 /* DemoAppiOS.xcdatamodeld */; };
		AF122E16207C2C920032C374 /* Assets.xcassets in Resources */ = {isa = PBXBuildFile; fileRef = AF122E15207C2C920032C374 /* Assets.xcassets */; };
		AF122E19207C2C920032C374 /* LaunchScreen.storyboard in Resources */ = {isa = PBXBuildFile; fileRef = AF122E17207C2C920032C374 /* LaunchScreen.storyboard */; };
		AF122E1C207C2C920032C374 /* main.m in Sources */ = {isa = PBXBuildFile; fileRef = AF122E1B207C2C920032C374 /* main.m */; };
		AF122E26207C2C920032C374 /* DemoAppiOSTests.m in Sources */ = {isa = PBXBuildFile; fileRef = AF122E25207C2C920032C374 /* DemoAppiOSTests.m */; };
		AF122E31207C2C920032C374 /* DemoAppiOSUITests.m in Sources */ = {isa = PBXBuildFile; fileRef = AF122E30207C2C920032C374 /* DemoAppiOSUITests.m */; };
		AF122E90207C82400032C374 /* NSString+Additions.m in Sources */ = {isa = PBXBuildFile; fileRef = AF122E8E207C82400032C374 /* NSString+Additions.m */; };
		AF122E9C207C83F70032C374 /* ListViewController.m in Sources */ = {isa = PBXBuildFile; fileRef = AF122E9B207C83F70032C374 /* ListViewController.m */; };
		AF122EA5207C84B60032C374 /* ListModel.m in Sources */ = {isa = PBXBuildFile; fileRef = AF122EA4207C84B60032C374 /* ListModel.m */; };
		AF122EB1207C85FB0032C374 /* TableViewDataSource.m in Sources */ = {isa = PBXBuildFile; fileRef = AF122EAF207C85FB0032C374 /* TableViewDataSource.m */; };
		AF122EB2207C85FB0032C374 /* TableViewDelegate.m in Sources */ = {isa = PBXBuildFile; fileRef = AF122EB0207C85FB0032C374 /* TableViewDelegate.m */; };
		AF122EB5207C86610032C374 /* ListViewModels.m in Sources */ = {isa = PBXBuildFile; fileRef = AF122EB4207C86610032C374 /* ListViewModels.m */; };
		AFD58746207C915900EF1744 /* Utility.m in Sources */ = {isa = PBXBuildFile; fileRef = AFD58745207C915900EF1744 /* Utility.m */; };
		AFD58748207C9A3400EF1744 /* .gitignore in Resources */ = {isa = PBXBuildFile; fileRef = AFD58747207C9A3400EF1744 /* .gitignore */; };
		C0DCDA67BDC354D6CD349339 /* libPods-DemoAppiOSUITests.a in Frameworks */ = {isa = PBXBuildFile; fileRef = A9B9A7B8A564C1FCF7629579 /* libPods-DemoAppiOSUITests.a */; };
		DB664592C4B46BD89512E01D /* libPods-DemoAppiOS.a in Frameworks */ = {isa = PBXBuildFile; fileRef = 38DD7A26E0790E0C8B6C6CB9 /* libPods-DemoAppiOS.a */; };
		F9D593F0B9722C73A95C866E /* libPods-DemoAppiOSTests.a in Frameworks */ = {isa = PBXBuildFile; fileRef = CF0F69BD36C18F7E4BBFF8D6 /* libPods-DemoAppiOSTests.a */; };
/* End PBXBuildFile section */

/* Begin PBXContainerItemProxy section */
		AF122E22207C2C920032C374 /* PBXContainerItemProxy */ = {
			isa = PBXContainerItemProxy;
			containerPortal = AF122DFE207C2C920032C374 /* Project object */;
			proxyType = 1;
			remoteGlobalIDString = AF122E05207C2C920032C374;
			remoteInfo = DemoAppiOS;
		};
		AF122E2D207C2C920032C374 /* PBXContainerItemProxy */ = {
			isa = PBXContainerItemProxy;
			containerPortal = AF122DFE207C2C920032C374 /* Project object */;
			proxyType = 1;
			remoteGlobalIDString = AF122E05207C2C920032C374;
			remoteInfo = DemoAppiOS;
		};
/* End PBXContainerItemProxy section */

/* Begin PBXFileReference section */
		38DD7A26E0790E0C8B6C6CB9 /* libPods-DemoAppiOS.a */ = {isa = PBXFileReference; explicitFileType = archive.ar; includeInIndex = 0; path = "libPods-DemoAppiOS.a"; sourceTree = BUILT_PRODUCTS_DIR; };
		3B55213B5EE5BC79F4681E11 /* Pods-DemoAppiOSUITests.release.xcconfig */ = {isa = PBXFileReference; includeInIndex = 1; lastKnownFileType = text.xcconfig; name = "Pods-DemoAppiOSUITests.release.xcconfig"; path = "Pods/Target Support Files/Pods-DemoAppiOSUITests/Pods-DemoAppiOSUITests.release.xcconfig"; sourceTree = "<group>"; };
		7F7C408D16485D1DFC2401A4 /* Pods-DemoAppiOSTests.release.xcconfig */ = {isa = PBXFileReference; includeInIndex = 1; lastKnownFileType = text.xcconfig; name = "Pods-DemoAppiOSTests.release.xcconfig"; path = "Pods/Target Support Files/Pods-DemoAppiOSTests/Pods-DemoAppiOSTests.release.xcconfig"; sourceTree = "<group>"; };
		A9B9A7B8A564C1FCF7629579 /* libPods-DemoAppiOSUITests.a */ = {isa = PBXFileReference; explicitFileType = archive.ar; includeInIndex = 0; path = "libPods-DemoAppiOSUITests.a"; sourceTree = BUILT_PRODUCTS_DIR; };
		AF122E06207C2C920032C374 /* DemoAppiOS.app */ = {isa = PBXFileReference; explicitFileType = wrapper.application; includeInIndex = 0; path = DemoAppiOS.app; sourceTree = BUILT_PRODUCTS_DIR; };
		AF122E09207C2C920032C374 /* AppDelegate.h */ = {isa = PBXFileReference; lastKnownFileType = sourcecode.c.h; path = AppDelegate.h; sourceTree = "<group>"; };
		AF122E0A207C2C920032C374 /* AppDelegate.m */ = {isa = PBXFileReference; lastKnownFileType = sourcecode.c.objc; path = AppDelegate.m; sourceTree = "<group>"; };
		AF122E0C207C2C920032C374 /* ViewController.h */ = {isa = PBXFileReference; lastKnownFileType = sourcecode.c.h; path = ViewController.h; sourceTree = "<group>"; };
		AF122E0D207C2C920032C374 /* ViewController.m */ = {isa = PBXFileReference; lastKnownFileType = sourcecode.c.objc; path = ViewController.m; sourceTree = "<group>"; };
		AF122E10207C2C920032C374 /* Base */ = {isa = PBXFileReference; lastKnownFileType = file.storyboard; name = Base; path = Base.lproj/Main.storyboard; sourceTree = "<group>"; };
		AF122E13207C2C920032C374 /* DemoAppiOS.xcdatamodel */ = {isa = PBXFileReference; lastKnownFileType = wrapper.xcdatamodel; path = DemoAppiOS.xcdatamodel; sourceTree = "<group>"; };
		AF122E15207C2C920032C374 /* Assets.xcassets */ = {isa = PBXFileReference; lastKnownFileType = folder.assetcatalog; path = Assets.xcassets; sourceTree = "<group>"; };
		AF122E18207C2C920032C374 /* Base */ = {isa = PBXFileReference; lastKnownFileType = file.storyboard; name = Base; path = Base.lproj/LaunchScreen.storyboard; sourceTree = "<group>"; };
		AF122E1A207C2C920032C374 /* Info.plist */ = {isa = PBXFileReference; lastKnownFileType = text.plist.xml; path = Info.plist; sourceTree = "<group>"; };
		AF122E1B207C2C920032C374 /* main.m */ = {isa = PBXFileReference; lastKnownFileType = sourcecode.c.objc; path = main.m; sourceTree = "<group>"; };
		AF122E21207C2C920032C374 /* DemoAppiOSTests.xctest */ = {isa = PBXFileReference; explicitFileType = wrapper.cfbundle; includeInIndex = 0; path = DemoAppiOSTests.xctest; sourceTree = BUILT_PRODUCTS_DIR; };
		AF122E25207C2C920032C374 /* DemoAppiOSTests.m */ = {isa = PBXFileReference; lastKnownFileType = sourcecode.c.objc; path = DemoAppiOSTests.m; sourceTree = "<group>"; };
		AF122E27207C2C920032C374 /* Info.plist */ = {isa = PBXFileReference; lastKnownFileType = text.plist.xml; path = Info.plist; sourceTree = "<group>"; };
		AF122E2C207C2C920032C374 /* DemoAppiOSUITests.xctest */ = {isa = PBXFileReference; explicitFileType = wrapper.cfbundle; includeInIndex = 0; path = DemoAppiOSUITests.xctest; sourceTree = BUILT_PRODUCTS_DIR; };
		AF122E30207C2C920032C374 /* DemoAppiOSUITests.m */ = {isa = PBXFileReference; lastKnownFileType = sourcecode.c.objc; path = DemoAppiOSUITests.m; sourceTree = "<group>"; };
		AF122E32207C2C920032C374 /* Info.plist */ = {isa = PBXFileReference; lastKnownFileType = text.plist.xml; path = Info.plist; sourceTree = "<group>"; };
		AF122E48207C377E0032C374 /* Constant+Header.h */ = {isa = PBXFileReference; lastKnownFileType = sourcecode.c.h; path = "Constant+Header.h"; sourceTree = "<group>"; };
		AF122E49207C37A00032C374 /* ColorsConstant.h */ = {isa = PBXFileReference; lastKnownFileType = sourcecode.c.h; path = ColorsConstant.h; sourceTree = "<group>"; };
		AF122E4C207C37E10032C374 /* HTTPConstant.h */ = {isa = PBXFileReference; lastKnownFileType = sourcecode.c.h; path = HTTPConstant.h; sourceTree = "<group>"; };
		AF122E4D207C37F30032C374 /* StringConstant.h */ = {isa = PBXFileReference; lastKnownFileType = sourcecode.c.h; path = StringConstant.h; sourceTree = "<group>"; };
		AF122E4E207C38060032C374 /* GlobalConstant.h */ = {isa = PBXFileReference; lastKnownFileType = sourcecode.c.h; path = GlobalConstant.h; sourceTree = "<group>"; };
		AF122E8E207C82400032C374 /* NSString+Additions.m */ = {isa = PBXFileReference; fileEncoding = 4; lastKnownFileType = sourcecode.c.objc; path = "NSString+Additions.m"; sourceTree = "<group>"; };
		AF122E8F207C82400032C374 /* NSString+Additions.h */ = {isa = PBXFileReference; fileEncoding = 4; lastKnownFileType = sourcecode.c.h; path = "NSString+Additions.h"; sourceTree = "<group>"; };
		AF122E9A207C83F70032C374 /* ListViewController.h */ = {isa = PBXFileReference; lastKnownFileType = sourcecode.c.h; path = ListViewController.h; sourceTree = "<group>"; };
		AF122E9B207C83F70032C374 /* ListViewController.m */ = {isa = PBXFileReference; lastKnownFileType = sourcecode.c.objc; path = ListViewController.m; sourceTree = "<group>"; };
		AF122EA3207C84B60032C374 /* ListModel.h */ = {isa = PBXFileReference; lastKnownFileType = sourcecode.c.h; path = ListModel.h; sourceTree = "<group>"; };
		AF122EA4207C84B60032C374 /* ListModel.m */ = {isa = PBXFileReference; lastKnownFileType = sourcecode.c.objc; path = ListModel.m; sourceTree = "<group>"; };
		AF122EAD207C85FB0032C374 /* TableViewDelegate.h */ = {isa = PBXFileReference; fileEncoding = 4; lastKnownFileType = sourcecode.c.h; path = TableViewDelegate.h; sourceTree = "<group>"; };
		AF122EAE207C85FB0032C374 /* TableViewDataSource.h */ = {isa = PBXFileReference; fileEncoding = 4; lastKnownFileType = sourcecode.c.h; path = TableViewDataSource.h; sourceTree = "<group>"; };
		AF122EAF207C85FB0032C374 /* TableViewDataSource.m */ = {isa = PBXFileReference; fileEncoding = 4; lastKnownFileType = sourcecode.c.objc; path = TableViewDataSource.m; sourceTree = "<group>"; };
		AF122EB0207C85FB0032C374 /* TableViewDelegate.m */ = {isa = PBXFileReference; fileEncoding = 4; lastKnownFileType = sourcecode.c.objc; path = TableViewDelegate.m; sourceTree = "<group>"; };
		AF122EB3207C86610032C374 /* ListViewModels.h */ = {isa = PBXFileReference; lastKnownFileType = sourcecode.c.h; path = ListViewModels.h; sourceTree = "<group>"; };
		AF122EB4207C86610032C374 /* ListViewModels.m */ = {isa = PBXFileReference; lastKnownFileType = sourcecode.c.objc; path = ListViewModels.m; sourceTree = "<group>"; };
		AFD58744207C915900EF1744 /* Utility.h */ = {isa = PBXFileReference; lastKnownFileType = sourcecode.c.h; path = Utility.h; sourceTree = "<group>"; };
		AFD58745207C915900EF1744 /* Utility.m */ = {isa = PBXFileReference; lastKnownFileType = sourcecode.c.objc; path = Utility.m; sourceTree = "<group>"; };
		AFD58747207C9A3400EF1744 /* .gitignore */ = {isa = PBXFileReference; lastKnownFileType = text; path = .gitignore; sourceTree = "<group>"; };
		B58E5A499E19909162CBA07B /* Pods-DemoAppiOSTests.debug.xcconfig */ = {isa = PBXFileReference; includeInIndex = 1; lastKnownFileType = text.xcconfig; name = "Pods-DemoAppiOSTests.debug.xcconfig"; path = "Pods/Target Support Files/Pods-DemoAppiOSTests/Pods-DemoAppiOSTests.debug.xcconfig"; sourceTree = "<group>"; };
		CF0F69BD36C18F7E4BBFF8D6 /* libPods-DemoAppiOSTests.a */ = {isa = PBXFileReference; explicitFileType = archive.ar; includeInIndex = 0; path = "libPods-DemoAppiOSTests.a"; sourceTree = BUILT_PRODUCTS_DIR; };
		DAFF4C2FC198BB513313AB66 /* Pods-DemoAppiOS.debug.xcconfig */ = {isa = PBXFileReference; includeInIndex = 1; lastKnownFileType = text.xcconfig; name = "Pods-DemoAppiOS.debug.xcconfig"; path = "Pods/Target Support Files/Pods-DemoAppiOS/Pods-DemoAppiOS.debug.xcconfig"; sourceTree = "<group>"; };
		F0302D36B3CEBB62216AFEF6 /* Pods-DemoAppiOS.release.xcconfig */ = {isa = PBXFileReference; includeInIndex = 1; lastKnownFileType = text.xcconfig; name = "Pods-DemoAppiOS.release.xcconfig"; path = "Pods/Target Support Files/Pods-DemoAppiOS/Pods-DemoAppiOS.release.xcconfig"; sourceTree = "<group>"; };
		F32477705186E05896C25796 /* Pods-DemoAppiOSUITests.debug.xcconfig */ = {isa = PBXFileReference; includeInIndex = 1; lastKnownFileType = text.xcconfig; name = "Pods-DemoAppiOSUITests.debug.xcconfig"; path = "Pods/Target Support Files/Pods-DemoAppiOSUITests/Pods-DemoAppiOSUITests.debug.xcconfig"; sourceTree = "<group>"; };
/* End PBXFileReference section */

/* Begin PBXFrameworksBuildPhase section */
		AF122E03207C2C920032C374 /* Frameworks */ = {
			isa = PBXFrameworksBuildPhase;
			buildActionMask = 2147483647;
			files = (
				DB664592C4B46BD89512E01D /* libPods-DemoAppiOS.a in Frameworks */,
			);
			runOnlyForDeploymentPostprocessing = 0;
		};
		AF122E1E207C2C920032C374 /* Frameworks */ = {
			isa = PBXFrameworksBuildPhase;
			buildActionMask = 2147483647;
			files = (
				F9D593F0B9722C73A95C866E /* libPods-DemoAppiOSTests.a in Frameworks */,
			);
			runOnlyForDeploymentPostprocessing = 0;
		};
		AF122E29207C2C920032C374 /* Frameworks */ = {
			isa = PBXFrameworksBuildPhase;
			buildActionMask = 2147483647;
			files = (
				C0DCDA67BDC354D6CD349339 /* libPods-DemoAppiOSUITests.a in Frameworks */,
			);
			runOnlyForDeploymentPostprocessing = 0;
		};
/* End PBXFrameworksBuildPhase section */

/* Begin PBXGroup section */
		02D42E7C6FB7593A9D94BD0A /* Frameworks */ = {
			isa = PBXGroup;
			children = (
				38DD7A26E0790E0C8B6C6CB9 /* libPods-DemoAppiOS.a */,
				CF0F69BD36C18F7E4BBFF8D6 /* libPods-DemoAppiOSTests.a */,
				A9B9A7B8A564C1FCF7629579 /* libPods-DemoAppiOSUITests.a */,
			);
			name = Frameworks;
			sourceTree = "<group>";
		};
		960B553202C2FB84263C7B7C /* Pods */ = {
			isa = PBXGroup;
			children = (
				DAFF4C2FC198BB513313AB66 /* Pods-DemoAppiOS.debug.xcconfig */,
				F0302D36B3CEBB62216AFEF6 /* Pods-DemoAppiOS.release.xcconfig */,
				B58E5A499E19909162CBA07B /* Pods-DemoAppiOSTests.debug.xcconfig */,
				7F7C408D16485D1DFC2401A4 /* Pods-DemoAppiOSTests.release.xcconfig */,
				F32477705186E05896C25796 /* Pods-DemoAppiOSUITests.debug.xcconfig */,
				3B55213B5EE5BC79F4681E11 /* Pods-DemoAppiOSUITests.release.xcconfig */,
			);
			name = Pods;
			sourceTree = "<group>";
		};
		AF122DFD207C2C920032C374 = {
			isa = PBXGroup;
			children = (
				AFD58747207C9A3400EF1744 /* .gitignore */,
				AFD58743207C904700EF1744 /* Utility */,
				AF122E46207C373F0032C374 /* Constant */,
				AF122E8D207C82400032C374 /* Categories */,
				AF122E91207C839A0032C374 /* Class */,
				AF122E08207C2C920032C374 /* DemoAppiOS */,
				AF122E24207C2C920032C374 /* DemoAppiOSTests */,
				AF122E2F207C2C920032C374 /* DemoAppiOSUITests */,
				AF122E07207C2C920032C374 /* Products */,
				960B553202C2FB84263C7B7C /* Pods */,
				02D42E7C6FB7593A9D94BD0A /* Frameworks */,
			);
			sourceTree = "<group>";
		};
		AF122E07207C2C920032C374 /* Products */ = {
			isa = PBXGroup;
			children = (
				AF122E06207C2C920032C374 /* DemoAppiOS.app */,
				AF122E21207C2C920032C374 /* DemoAppiOSTests.xctest */,
				AF122E2C207C2C920032C374 /* DemoAppiOSUITests.xctest */,
			);
			name = Products;
			sourceTree = "<group>";
		};
		AF122E08207C2C920032C374 /* DemoAppiOS */ = {
			isa = PBXGroup;
			children = (
				AF122E09207C2C920032C374 /* AppDelegate.h */,
				AF122E0A207C2C920032C374 /* AppDelegate.m */,
				AF122E0C207C2C920032C374 /* ViewController.h */,
				AF122E0D207C2C920032C374 /* ViewController.m */,
				AF122E0F207C2C920032C374 /* Main.storyboard */,
				AF122E15207C2C920032C374 /* Assets.xcassets */,
				AF122E17207C2C920032C374 /* LaunchScreen.storyboard */,
				AF122E1A207C2C920032C374 /* Info.plist */,
				AF122E1B207C2C920032C374 /* main.m */,
				AF122E12207C2C920032C374 /* DemoAppiOS.xcdatamodeld */,
			);
			path = DemoAppiOS;
			sourceTree = "<group>";
		};
		AF122E24207C2C920032C374 /* DemoAppiOSTests */ = {
			isa = PBXGroup;
			children = (
				AF122E25207C2C920032C374 /* DemoAppiOSTests.m */,
				AF122E27207C2C920032C374 /* Info.plist */,
			);
			path = DemoAppiOSTests;
			sourceTree = "<group>";
		};
		AF122E2F207C2C920032C374 /* DemoAppiOSUITests */ = {
			isa = PBXGroup;
			children = (
				AF122E30207C2C920032C374 /* DemoAppiOSUITests.m */,
				AF122E32207C2C920032C374 /* Info.plist */,
			);
			path = DemoAppiOSUITests;
			sourceTree = "<group>";
		};
		AF122E46207C373F0032C374 /* Constant */ = {
			isa = PBXGroup;
			children = (
				AF122E48207C377E0032C374 /* Constant+Header.h */,
				AF122E49207C37A00032C374 /* ColorsConstant.h */,
				AF122E4C207C37E10032C374 /* HTTPConstant.h */,
				AF122E4D207C37F30032C374 /* StringConstant.h */,
				AF122E4E207C38060032C374 /* GlobalConstant.h */,
			);
			path = Constant;
			sourceTree = "<group>";
		};
		AF122E8D207C82400032C374 /* Categories */ = {
			isa = PBXGroup;
			children = (
				AF122E8E207C82400032C374 /* NSString+Additions.m */,
				AF122E8F207C82400032C374 /* NSString+Additions.h */,
			);
			path = Categories;
			sourceTree = "<group>";
		};
		AF122E91207C839A0032C374 /* Class */ = {
			isa = PBXGroup;
			children = (
				AF122EAC207C85FB0032C374 /* AppModels */,
				AF122E94207C839A0032C374 /* Models */,
				AF122E93207C839A0032C374 /* ViewModels */,
				AF122E96207C839A0032C374 /* ViewController */,
				AF122E97207C839A0032C374 /* Views */,
			);
			path = Class;
			sourceTree = "<group>";
		};
		AF122E93207C839A0032C374 /* ViewModels */ = {
			isa = PBXGroup;
			children = (
				AF122EB3207C86610032C374 /* ListViewModels.h */,
				AF122EB4207C86610032C374 /* ListViewModels.m */,
			);
			path = ViewModels;
			sourceTree = "<group>";
		};
		AF122E94207C839A0032C374 /* Models */ = {
			isa = PBXGroup;
			children = (
				AF122EA3207C84B60032C374 /* ListModel.h */,
				AF122EA4207C84B60032C374 /* ListModel.m */,
			);
			path = Models;
			sourceTree = "<group>";
		};
		AF122E96207C839A0032C374 /* ViewController */ = {
			isa = PBXGroup;
			children = (
				AF122E9A207C83F70032C374 /* ListViewController.h */,
				AF122E9B207C83F70032C374 /* ListViewController.m */,
			);
			path = ViewController;
			sourceTree = "<group>";
		};
		AF122E97207C839A0032C374 /* Views */ = {
			isa = PBXGroup;
			children = (
				AF122E98207C839A0032C374 /* CollectionViewCell */,
				AF122E99207C839A0032C374 /* TableViewCell */,
			);
			path = Views;
			sourceTree = "<group>";
		};
		AF122E98207C839A0032C374 /* CollectionViewCell */ = {
			isa = PBXGroup;
			children = (
			);
			path = CollectionViewCell;
			sourceTree = "<group>";
		};
		AF122E99207C839A0032C374 /* TableViewCell */ = {
			isa = PBXGroup;
			children = (
			);
			path = TableViewCell;
			sourceTree = "<group>";
		};
		AF122EAC207C85FB0032C374 /* AppModels */ = {
			isa = PBXGroup;
			children = (
				AF122EAE207C85FB0032C374 /* TableViewDataSource.h */,
				AF122EAF207C85FB0032C374 /* TableViewDataSource.m */,
				AF122EAD207C85FB0032C374 /* TableViewDelegate.h */,
				AF122EB0207C85FB0032C374 /* TableViewDelegate.m */,
			);
			path = AppModels;
			sourceTree = "<group>";
		};
		AFD58743207C904700EF1744 /* Utility */ = {
			isa = PBXGroup;
			children = (
				AFD58744207C915900EF1744 /* Utility.h */,
				AFD58745207C915900EF1744 /* Utility.m */,
			);
			path = Utility;
			sourceTree = "<group>";
		};
/* End PBXGroup section */

/* Begin PBXNativeTarget section */
		AF122E05207C2C920032C374 /* DemoAppiOS */ = {
			isa = PBXNativeTarget;
			buildConfigurationList = AF122E35207C2C920032C374 /* Build configuration list for PBXNativeTarget "DemoAppiOS" */;
			buildPhases = (
				7F363FCF0F6B4E5EF1C22B7C /* [CP] Check Pods Manifest.lock */,
				AF122E02207C2C920032C374 /* Sources */,
				AF122E03207C2C920032C374 /* Frameworks */,
				AF122E04207C2C920032C374 /* Resources */,
				BB86F8CBC1A879BD42EE211B /* [CP] Embed Pods Frameworks */,
				697658B395910A41534A88FD /* [CP] Copy Pods Resources */,
			);
			buildRules = (
			);
			dependencies = (
			);
			name = DemoAppiOS;
			productName = DemoAppiOS;
			productReference = AF122E06207C2C920032C374 /* DemoAppiOS.app */;
			productType = "com.apple.product-type.application";
		};
		AF122E20207C2C920032C374 /* DemoAppiOSTests */ = {
			isa = PBXNativeTarget;
			buildConfigurationList = AF122E38207C2C920032C374 /* Build configuration list for PBXNativeTarget "DemoAppiOSTests" */;
			buildPhases = (
				E81917A8EAE7B6073A26A2ED /* [CP] Check Pods Manifest.lock */,
				AF122E1D207C2C920032C374 /* Sources */,
				AF122E1E207C2C920032C374 /* Frameworks */,
				AF122E1F207C2C920032C374 /* Resources */,
				0DF7FC9058C65D6B4A4754CB /* [CP] Embed Pods Frameworks */,
				FB12E86B4874F874F7D4F0CC /* [CP] Copy Pods Resources */,
			);
			buildRules = (
			);
			dependencies = (
				AF122E23207C2C920032C374 /* PBXTargetDependency */,
			);
			name = DemoAppiOSTests;
			productName = DemoAppiOSTests;
			productReference = AF122E21207C2C920032C374 /* DemoAppiOSTests.xctest */;
			productType = "com.apple.product-type.bundle.unit-test";
		};
		AF122E2B207C2C920032C374 /* DemoAppiOSUITests */ = {
			isa = PBXNativeTarget;
			buildConfigurationList = AF122E3B207C2C920032C374 /* Build configuration list for PBXNativeTarget "DemoAppiOSUITests" */;
			buildPhases = (
				116DABDE20820081018CE1C0 /* [CP] Check Pods Manifest.lock */,
				AF122E28207C2C920032C374 /* Sources */,
				AF122E29207C2C920032C374 /* Frameworks */,
				AF122E2A207C2C920032C374 /* Resources */,
				1F457E7F8286CCEA2D0E47D7 /* [CP] Embed Pods Frameworks */,
				7775F315EE4FD8774CCAD518 /* [CP] Copy Pods Resources */,
			);
			buildRules = (
			);
			dependencies = (
				AF122E2E207C2C920032C374 /* PBXTargetDependency */,
			);
			name = DemoAppiOSUITests;
			productName = DemoAppiOSUITests;
			productReference = AF122E2C207C2C920032C374 /* DemoAppiOSUITests.xctest */;
			productType = "com.apple.product-type.bundle.ui-testing";
		};
/* End PBXNativeTarget section */

/* Begin PBXProject section */
		AF122DFE207C2C920032C374 /* Project object */ = {
			isa = PBXProject;
			attributes = {
				LastUpgradeCheck = 0920;
				ORGANIZATIONNAME = NischalHada;
				TargetAttributes = {
					AF122E05207C2C920032C374 = {
						CreatedOnToolsVersion = 9.2;
						ProvisioningStyle = Automatic;
					};
					AF122E20207C2C920032C374 = {
						CreatedOnToolsVersion = 9.2;
						ProvisioningStyle = Automatic;
						TestTargetID = AF122E05207C2C920032C374;
					};
					AF122E2B207C2C920032C374 = {
						CreatedOnToolsVersion = 9.2;
						ProvisioningStyle = Automatic;
						TestTargetID = AF122E05207C2C920032C374;
					};
				};
			};
			buildConfigurationList = AF122E01207C2C920032C374 /* Build configuration list for PBXProject "DemoAppiOS" */;
			compatibilityVersion = "Xcode 8.0";
			developmentRegion = en;
			hasScannedForEncodings = 0;
			knownRegions = (
				en,
				Base,
			);
			mainGroup = AF122DFD207C2C920032C374;
			productRefGroup = AF122E07207C2C920032C374 /* Products */;
			projectDirPath = "";
			projectRoot = "";
			targets = (
				AF122E05207C2C920032C374 /* DemoAppiOS */,
				AF122E20207C2C920032C374 /* DemoAppiOSTests */,
				AF122E2B207C2C920032C374 /* DemoAppiOSUITests */,
			);
		};
/* End PBXProject section */

/* Begin PBXResourcesBuildPhase section */
		AF122E04207C2C920032C374 /* Resources */ = {
			isa = PBXResourcesBuildPhase;
			buildActionMask = 2147483647;
			files = (
				AFD58748207C9A3400EF1744 /* .gitignore in Resources */,
				AF122E19207C2C920032C374 /* LaunchScreen.storyboard in Resources */,
				AF122E16207C2C920032C374 /* Assets.xcassets in Resources */,
				AF122E11207C2C920032C374 /* Main.storyboard in Resources */,
			);
			runOnlyForDeploymentPostprocessing = 0;
		};
		AF122E1F207C2C920032C374 /* Resources */ = {
			isa = PBXResourcesBuildPhase;
			buildActionMask = 2147483647;
			files = (
			);
			runOnlyForDeploymentPostprocessing = 0;
		};
		AF122E2A207C2C920032C374 /* Resources */ = {
			isa = PBXResourcesBuildPhase;
			buildActionMask = 2147483647;
			files = (
			);
			runOnlyForDeploymentPostprocessing = 0;
		};
/* End PBXResourcesBuildPhase section */

/* Begin PBXShellScriptBuildPhase section */
		0DF7FC9058C65D6B4A4754CB /* [CP] Embed Pods Frameworks */ = {
			isa = PBXShellScriptBuildPhase;
			buildActionMask = 2147483647;
			files = (
			);
			inputPaths = (
			);
			name = "[CP] Embed Pods Frameworks";
			outputPaths = (
			);
			runOnlyForDeploymentPostprocessing = 0;
			shellPath = /bin/sh;
			shellScript = "\"${SRCROOT}/Pods/Target Support Files/Pods-DemoAppiOSTests/Pods-DemoAppiOSTests-frameworks.sh\"\n";
			showEnvVarsInLog = 0;
		};
		116DABDE20820081018CE1C0 /* [CP] Check Pods Manifest.lock */ = {
			isa = PBXShellScriptBuildPhase;
			buildActionMask = 2147483647;
			files = (
			);
			inputPaths = (
				"${PODS_PODFILE_DIR_PATH}/Podfile.lock",
				"${PODS_ROOT}/Manifest.lock",
			);
			name = "[CP] Check Pods Manifest.lock";
			outputPaths = (
				"$(DERIVED_FILE_DIR)/Pods-DemoAppiOSUITests-checkManifestLockResult.txt",
			);
			runOnlyForDeploymentPostprocessing = 0;
			shellPath = /bin/sh;
			shellScript = "diff \"${PODS_PODFILE_DIR_PATH}/Podfile.lock\" \"${PODS_ROOT}/Manifest.lock\" > /dev/null\nif [ $? != 0 ] ; then\n    # print error to STDERR\n    echo \"error: The sandbox is not in sync with the Podfile.lock. Run 'pod install' or update your CocoaPods installation.\" >&2\n    exit 1\nfi\n# This output is used by Xcode 'outputs' to avoid re-running this script phase.\necho \"SUCCESS\" > \"${SCRIPT_OUTPUT_FILE_0}\"\n";
			showEnvVarsInLog = 0;
		};
		1F457E7F8286CCEA2D0E47D7 /* [CP] Embed Pods Frameworks */ = {
			isa = PBXShellScriptBuildPhase;
			buildActionMask = 2147483647;
			files = (
			);
			inputPaths = (
			);
			name = "[CP] Embed Pods Frameworks";
			outputPaths = (
			);
			runOnlyForDeploymentPostprocessing = 0;
			shellPath = /bin/sh;
			shellScript = "\"${SRCROOT}/Pods/Target Support Files/Pods-DemoAppiOSUITests/Pods-DemoAppiOSUITests-frameworks.sh\"\n";
			showEnvVarsInLog = 0;
		};
		697658B395910A41534A88FD /* [CP] Copy Pods Resources */ = {
			isa = PBXShellScriptBuildPhase;
			buildActionMask = 2147483647;
			files = (
			);
			inputPaths = (
				"${SRCROOT}/Pods/Target Support Files/Pods-DemoAppiOS/Pods-DemoAppiOS-resources.sh",
				"${PODS_ROOT}/SVProgressHUD/SVProgressHUD/SVProgressHUD.bundle",
			);
			name = "[CP] Copy Pods Resources";
			outputPaths = (
				"${TARGET_BUILD_DIR}/${UNLOCALIZED_RESOURCES_FOLDER_PATH}",
			);
			runOnlyForDeploymentPostprocessing = 0;
			shellPath = /bin/sh;
			shellScript = "\"${SRCROOT}/Pods/Target Support Files/Pods-DemoAppiOS/Pods-DemoAppiOS-resources.sh\"\n";
			showEnvVarsInLog = 0;
		};
		7775F315EE4FD8774CCAD518 /* [CP] Copy Pods Resources */ = {
			isa = PBXShellScriptBuildPhase;
			buildActionMask = 2147483647;
			files = (
			);
			inputPaths = (
			);
			name = "[CP] Copy Pods Resources";
			outputPaths = (
			);
			runOnlyForDeploymentPostprocessing = 0;
			shellPath = /bin/sh;
			shellScript = "\"${SRCROOT}/Pods/Target Support Files/Pods-DemoAppiOSUITests/Pods-DemoAppiOSUITests-resources.sh\"\n";
			showEnvVarsInLog = 0;
		};
		7F363FCF0F6B4E5EF1C22B7C /* [CP] Check Pods Manifest.lock */ = {
			isa = PBXShellScriptBuildPhase;
			buildActionMask = 2147483647;
			files = (
			);
			inputPaths = (
				"${PODS_PODFILE_DIR_PATH}/Podfile.lock",
				"${PODS_ROOT}/Manifest.lock",
			);
			name = "[CP] Check Pods Manifest.lock";
			outputPaths = (
				"$(DERIVED_FILE_DIR)/Pods-DemoAppiOS-checkManifestLockResult.txt",
			);
			runOnlyForDeploymentPostprocessing = 0;
			shellPath = /bin/sh;
			shellScript = "diff \"${PODS_PODFILE_DIR_PATH}/Podfile.lock\" \"${PODS_ROOT}/Manifest.lock\" > /dev/null\nif [ $? != 0 ] ; then\n    # print error to STDERR\n    echo \"error: The sandbox is not in sync with the Podfile.lock. Run 'pod install' or update your CocoaPods installation.\" >&2\n    exit 1\nfi\n# This output is used by Xcode 'outputs' to avoid re-running this script phase.\necho \"SUCCESS\" > \"${SCRIPT_OUTPUT_FILE_0}\"\n";
			showEnvVarsInLog = 0;
		};
		BB86F8CBC1A879BD42EE211B /* [CP] Embed Pods Frameworks */ = {
			isa = PBXShellScriptBuildPhase;
			buildActionMask = 2147483647;
			files = (
			);
			inputPaths = (
			);
			name = "[CP] Embed Pods Frameworks";
			outputPaths = (
			);
			runOnlyForDeploymentPostprocessing = 0;
			shellPath = /bin/sh;
			shellScript = "\"${SRCROOT}/Pods/Target Support Files/Pods-DemoAppiOS/Pods-DemoAppiOS-frameworks.sh\"\n";
			showEnvVarsInLog = 0;
		};
		E81917A8EAE7B6073A26A2ED /* [CP] Check Pods Manifest.lock */ = {
			isa = PBXShellScriptBuildPhase;
			buildActionMask = 2147483647;
			files = (
			);
			inputPaths = (
				"${PODS_PODFILE_DIR_PATH}/Podfile.lock",
				"${PODS_ROOT}/Manifest.lock",
			);
			name = "[CP] Check Pods Manifest.lock";
			outputPaths = (
				"$(DERIVED_FILE_DIR)/Pods-DemoAppiOSTests-checkManifestLockResult.txt",
			);
			runOnlyForDeploymentPostprocessing = 0;
			shellPath = /bin/sh;
			shellScript = "diff \"${PODS_PODFILE_DIR_PATH}/Podfile.lock\" \"${PODS_ROOT}/Manifest.lock\" > /dev/null\nif [ $? != 0 ] ; then\n    # print error to STDERR\n    echo \"error: The sandbox is not in sync with the Podfile.lock. Run 'pod install' or update your CocoaPods installation.\" >&2\n    exit 1\nfi\n# This output is used by Xcode 'outputs' to avoid re-running this script phase.\necho \"SUCCESS\" > \"${SCRIPT_OUTPUT_FILE_0}\"\n";
			showEnvVarsInLog = 0;
		};
		FB12E86B4874F874F7D4F0CC /* [CP] Copy Pods Resources */ = {
			isa = PBXShellScriptBuildPhase;
			buildActionMask = 2147483647;
			files = (
			);
			inputPaths = (
			);
			name = "[CP] Copy Pods Resources";
			outputPaths = (
			);
			runOnlyForDeploymentPostprocessing = 0;
			shellPath = /bin/sh;
			shellScript = "\"${SRCROOT}/Pods/Target Support Files/Pods-DemoAppiOSTests/Pods-DemoAppiOSTests-resources.sh\"\n";
			showEnvVarsInLog = 0;
		};
/* End PBXShellScriptBuildPhase section */

/* Begin PBXSourcesBuildPhase section */
		AF122E02207C2C920032C374 /* Sources */ = {
			isa = PBXSourcesBuildPhase;
			buildActionMask = 2147483647;
			files = (
				AF122E90207C82400032C374 /* NSString+Additions.m in Sources */,
				AF122E0E207C2C920032C374 /* ViewController.m in Sources */,
				AF122EA5207C84B60032C374 /* ListModel.m in Sources */,
				AF122EB2207C85FB0032C374 /* TableViewDelegate.m in Sources */,
				AF122E9C207C83F70032C374 /* ListViewController.m in Sources */,
				AF122EB1207C85FB0032C374 /* TableViewDataSource.m in Sources */,
				AF122EB5207C86610032C374 /* ListViewModels.m in Sources */,
				AFD58746207C915900EF1744 /* Utility.m in Sources */,
				AF122E0B207C2C920032C374 /* AppDelegate.m in Sources */,
				AF122E1C207C2C920032C374 /* main.m in Sources */,
				AF122E14207C2C920032C374 /* DemoAppiOS.xcdatamodeld in Sources */,
			);
			runOnlyForDeploymentPostprocessing = 0;
		};
		AF122E1D207C2C920032C374 /* Sources */ = {
			isa = PBXSourcesBuildPhase;
			buildActionMask = 2147483647;
			files = (
				AF122E26207C2C920032C374 /* DemoAppiOSTests.m in Sources */,
			);
			runOnlyForDeploymentPostprocessing = 0;
		};
		AF122E28207C2C920032C374 /* Sources */ = {
			isa = PBXSourcesBuildPhase;
			buildActionMask = 2147483647;
			files = (
				AF122E31207C2C920032C374 /* DemoAppiOSUITests.m in Sources */,
			);
			runOnlyForDeploymentPostprocessing = 0;
		};
/* End PBXSourcesBuildPhase section */

/* Begin PBXTargetDependency section */
		AF122E23207C2C920032C374 /* PBXTargetDependency */ = {
			isa = PBXTargetDependency;
			target = AF122E05207C2C920032C374 /* DemoAppiOS */;
			targetProxy = AF122E22207C2C920032C374 /* PBXContainerItemProxy */;
		};
		AF122E2E207C2C920032C374 /* PBXTargetDependency */ = {
			isa = PBXTargetDependency;
			target = AF122E05207C2C920032C374 /* DemoAppiOS */;
			targetProxy = AF122E2D207C2C920032C374 /* PBXContainerItemProxy */;
		};
/* End PBXTargetDependency section */

/* Begin PBXVariantGroup section */
		AF122E0F207C2C920032C374 /* Main.storyboard */ = {
			isa = PBXVariantGroup;
			children = (
				AF122E10207C2C920032C374 /* Base */,
			);
			name = Main.storyboard;
			sourceTree = "<group>";
		};
		AF122E17207C2C920032C374 /* LaunchScreen.storyboard */ = {
			isa = PBXVariantGroup;
			children = (
				AF122E18207C2C920032C374 /* Base */,
			);
			name = LaunchScreen.storyboard;
			sourceTree = "<group>";
		};
/* End PBXVariantGroup section */

/* Begin XCBuildConfiguration section */
		AF122E33207C2C920032C374 /* Debug */ = {
			isa = XCBuildConfiguration;
			buildSettings = {
				ALWAYS_SEARCH_USER_PATHS = NO;
				CLANG_ANALYZER_NONNULL = YES;
				CLANG_ANALYZER_NUMBER_OBJECT_CONVERSION = YES_AGGRESSIVE;
				CLANG_CXX_LANGUAGE_STANDARD = "gnu++14";
				CLANG_CXX_LIBRARY = "libc++";
				CLANG_ENABLE_MODULES = YES;
				CLANG_ENABLE_OBJC_ARC = YES;
				CLANG_WARN_BLOCK_CAPTURE_AUTORELEASING = YES;
				CLANG_WARN_BOOL_CONVERSION = YES;
				CLANG_WARN_COMMA = YES;
				CLANG_WARN_CONSTANT_CONVERSION = YES;
				CLANG_WARN_DIRECT_OBJC_ISA_USAGE = YES_ERROR;
				CLANG_WARN_DOCUMENTATION_COMMENTS = YES;
				CLANG_WARN_EMPTY_BODY = YES;
				CLANG_WARN_ENUM_CONVERSION = YES;
				CLANG_WARN_INFINITE_RECURSION = YES;
				CLANG_WARN_INT_CONVERSION = YES;
				CLANG_WARN_NON_LITERAL_NULL_CONVERSION = YES;
				CLANG_WARN_OBJC_LITERAL_CONVERSION = YES;
				CLANG_WARN_OBJC_ROOT_CLASS = YES_ERROR;
				CLANG_WARN_RANGE_LOOP_ANALYSIS = YES;
				CLANG_WARN_STRICT_PROTOTYPES = YES;
				CLANG_WARN_SUSPICIOUS_MOVE = YES;
				CLANG_WARN_UNGUARDED_AVAILABILITY = YES_AGGRESSIVE;
				CLANG_WARN_UNREACHABLE_CODE = YES;
				CLANG_WARN__DUPLICATE_METHOD_MATCH = YES;
				CODE_SIGN_IDENTITY = "iPhone Developer";
				COPY_PHASE_STRIP = NO;
				DEBUG_INFORMATION_FORMAT = dwarf;
				ENABLE_STRICT_OBJC_MSGSEND = YES;
				ENABLE_TESTABILITY = YES;
				GCC_C_LANGUAGE_STANDARD = gnu11;
				GCC_DYNAMIC_NO_PIC = NO;
				GCC_NO_COMMON_BLOCKS = YES;
				GCC_OPTIMIZATION_LEVEL = 0;
				GCC_PREPROCESSOR_DEFINITIONS = (
					"DEBUG=1",
					"$(inherited)",
				);
				GCC_WARN_64_TO_32_BIT_CONVERSION = YES;
				GCC_WARN_ABOUT_RETURN_TYPE = YES_ERROR;
				GCC_WARN_UNDECLARED_SELECTOR = YES;
				GCC_WARN_UNINITIALIZED_AUTOS = YES_AGGRESSIVE;
				GCC_WARN_UNUSED_FUNCTION = YES;
				GCC_WARN_UNUSED_VARIABLE = YES;
				IPHONEOS_DEPLOYMENT_TARGET = 11.2;
				MTL_ENABLE_DEBUG_INFO = YES;
				ONLY_ACTIVE_ARCH = YES;
				SDKROOT = iphoneos;
			};
			name = Debug;
		};
		AF122E34207C2C920032C374 /* Release */ = {
			isa = XCBuildConfiguration;
			buildSettings = {
				ALWAYS_SEARCH_USER_PATHS = NO;
				CLANG_ANALYZER_NONNULL = YES;
				CLANG_ANALYZER_NUMBER_OBJECT_CONVERSION = YES_AGGRESSIVE;
				CLANG_CXX_LANGUAGE_STANDARD = "gnu++14";
				CLANG_CXX_LIBRARY = "libc++";
				CLANG_ENABLE_MODULES = YES;
				CLANG_ENABLE_OBJC_ARC = YES;
				CLANG_WARN_BLOCK_CAPTURE_AUTORELEASING = YES;
				CLANG_WARN_BOOL_CONVERSION = YES;
				CLANG_WARN_COMMA = YES;
				CLANG_WARN_CONSTANT_CONVERSION = YES;
				CLANG_WARN_DIRECT_OBJC_ISA_USAGE = YES_ERROR;
				CLANG_WARN_DOCUMENTATION_COMMENTS = YES;
				CLANG_WARN_EMPTY_BODY = YES;
				CLANG_WARN_ENUM_CONVERSION = YES;
				CLANG_WARN_INFINITE_RECURSION = YES;
				CLANG_WARN_INT_CONVERSION = YES;
				CLANG_WARN_NON_LITERAL_NULL_CONVERSION = YES;
				CLANG_WARN_OBJC_LITERAL_CONVERSION = YES;
				CLANG_WARN_OBJC_ROOT_CLASS = YES_ERROR;
				CLANG_WARN_RANGE_LOOP_ANALYSIS = YES;
				CLANG_WARN_STRICT_PROTOTYPES = YES;
				CLANG_WARN_SUSPICIOUS_MOVE = YES;
				CLANG_WARN_UNGUARDED_AVAILABILITY = YES_AGGRESSIVE;
				CLANG_WARN_UNREACHABLE_CODE = YES;
				CLANG_WARN__DUPLICATE_METHOD_MATCH = YES;
				CODE_SIGN_IDENTITY = "iPhone Developer";
				COPY_PHASE_STRIP = NO;
				DEBUG_INFORMATION_FORMAT = "dwarf-with-dsym";
				ENABLE_NS_ASSERTIONS = NO;
				ENABLE_STRICT_OBJC_MSGSEND = YES;
				GCC_C_LANGUAGE_STANDARD = gnu11;
				GCC_NO_COMMON_BLOCKS = YES;
				GCC_WARN_64_TO_32_BIT_CONVERSION = YES;
				GCC_WARN_ABOUT_RETURN_TYPE = YES_ERROR;
				GCC_WARN_UNDECLARED_SELECTOR = YES;
				GCC_WARN_UNINITIALIZED_AUTOS = YES_AGGRESSIVE;
				GCC_WARN_UNUSED_FUNCTION = YES;
				GCC_WARN_UNUSED_VARIABLE = YES;
				IPHONEOS_DEPLOYMENT_TARGET = 11.2;
				MTL_ENABLE_DEBUG_INFO = NO;
				SDKROOT = iphoneos;
				VALIDATE_PRODUCT = YES;
			};
			name = Release;
		};
		AF122E36207C2C920032C374 /* Debug */ = {
			isa = XCBuildConfiguration;
			baseConfigurationReference = DAFF4C2FC198BB513313AB66 /* Pods-DemoAppiOS.debug.xcconfig */;
			buildSettings = {
				ASSETCATALOG_COMPILER_APPICON_NAME = AppIcon;
				CODE_SIGN_STYLE = Automatic;
				DEVELOPMENT_TEAM = D7VSAR6S6Q;
				INFOPLIST_FILE = DemoAppiOS/Info.plist;
				LD_RUNPATH_SEARCH_PATHS = "$(inherited) @executable_path/Frameworks";
				PRODUCT_BUNDLE_IDENTIFIER = Nischalhada.DemoAppiOS;
				PRODUCT_NAME = "$(TARGET_NAME)";
				TARGETED_DEVICE_FAMILY = "1,2";
			};
			name = Debug;
		};
		AF122E37207C2C920032C374 /* Release */ = {
			isa = XCBuildConfiguration;
			baseConfigurationReference = F0302D36B3CEBB62216AFEF6 /* Pods-DemoAppiOS.release.xcconfig */;
			buildSettings = {
				ASSETCATALOG_COMPILER_APPICON_NAME = AppIcon;
				CODE_SIGN_STYLE = Automatic;
				DEVELOPMENT_TEAM = D7VSAR6S6Q;
				INFOPLIST_FILE = DemoAppiOS/Info.plist;
				LD_RUNPATH_SEARCH_PATHS = "$(inherited) @executable_path/Frameworks";
				PRODUCT_BUNDLE_IDENTIFIER = Nischalhada.DemoAppiOS;
				PRODUCT_NAME = "$(TARGET_NAME)";
				TARGETED_DEVICE_FAMILY = "1,2";
			};
			name = Release;
		};
		AF122E39207C2C920032C374 /* Debug */ = {
			isa = XCBuildConfiguration;
			baseConfigurationReference = B58E5A499E19909162CBA07B /* Pods-DemoAppiOSTests.debug.xcconfig */;
			buildSettings = {
				BUNDLE_LOADER = "$(TEST_HOST)";
				CODE_SIGN_STYLE = Automatic;
				INFOPLIST_FILE = DemoAppiOSTests/Info.plist;
				LD_RUNPATH_SEARCH_PATHS = "$(inherited) @executable_path/Frameworks @loader_path/Frameworks";
				PRODUCT_BUNDLE_IDENTIFIER = Nischalhada.DemoAppiOSTests;
				PRODUCT_NAME = "$(TARGET_NAME)";
				TARGETED_DEVICE_FAMILY = "1,2";
				TEST_HOST = "$(BUILT_PRODUCTS_DIR)/DemoAppiOS.app/DemoAppiOS";
			};
			name = Debug;
		};
		AF122E3A207C2C920032C374 /* Release */ = {
			isa = XCBuildConfiguration;
			baseConfigurationReference = 7F7C408D16485D1DFC2401A4 /* Pods-DemoAppiOSTests.release.xcconfig */;
			buildSettings = {
				BUNDLE_LOADER = "$(TEST_HOST)";
				CODE_SIGN_STYLE = Automatic;
				INFOPLIST_FILE = DemoAppiOSTests/Info.plist;
				LD_RUNPATH_SEARCH_PATHS = "$(inherited) @executable_path/Frameworks @loader_path/Frameworks";
				PRODUCT_BUNDLE_IDENTIFIER = Nischalhada.DemoAppiOSTests;
				PRODUCT_NAME = "$(TARGET_NAME)";
				TARGETED_DEVICE_FAMILY = "1,2";
				TEST_HOST = "$(BUILT_PRODUCTS_DIR)/DemoAppiOS.app/DemoAppiOS";
			};
			name = Release;
		};
		AF122E3C207C2C920032C374 /* Debug */ = {
			isa = XCBuildConfiguration;
			baseConfigurationReference = F32477705186E05896C25796 /* Pods-DemoAppiOSUITests.debug.xcconfig */;
			buildSettings = {
				CODE_SIGN_STYLE = Automatic;
				INFOPLIST_FILE = DemoAppiOSUITests/Info.plist;
				LD_RUNPATH_SEARCH_PATHS = "$(inherited) @executable_path/Frameworks @loader_path/Frameworks";
				PRODUCT_BUNDLE_IDENTIFIER = Nischalhada.DemoAppiOSUITests;
				PRODUCT_NAME = "$(TARGET_NAME)";
				TARGETED_DEVICE_FAMILY = "1,2";
				TEST_TARGET_NAME = DemoAppiOS;
			};
			name = Debug;
		};
		AF122E3D207C2C920032C374 /* Release */ = {
			isa = XCBuildConfiguration;
			baseConfigurationReference = 3B55213B5EE5BC79F4681E11 /* Pods-DemoAppiOSUITests.release.xcconfig */;
			buildSettings = {
				CODE_SIGN_STYLE = Automatic;
				INFOPLIST_FILE = DemoAppiOSUITests/Info.plist;
				LD_RUNPATH_SEARCH_PATHS = "$(inherited) @executable_path/Frameworks @loader_path/Frameworks";
				PRODUCT_BUNDLE_IDENTIFIER = Nischalhada.DemoAppiOSUITests;
				PRODUCT_NAME = "$(TARGET_NAME)";
				TARGETED_DEVICE_FAMILY = "1,2";
				TEST_TARGET_NAME = DemoAppiOS;
			};
			name = Release;
		};
/* End XCBuildConfiguration section */

/* Begin XCConfigurationList section */
		AF122E01207C2C920032C374 /* Build configuration list for PBXProject "DemoAppiOS" */ = {
			isa = XCConfigurationList;
			buildConfigurations = (
				AF122E33207C2C920032C374 /* Debug */,
				AF122E34207C2C920032C374 /* Release */,
			);
			defaultConfigurationIsVisible = 0;
			defaultConfigurationName = Release;
		};
		AF122E35207C2C920032C374 /* Build configuration list for PBXNativeTarget "DemoAppiOS" */ = {
			isa = XCConfigurationList;
			buildConfigurations = (
				AF122E36207C2C920032C374 /* Debug */,
				AF122E37207C2C920032C374 /* Release */,
			);
			defaultConfigurationIsVisible = 0;
			defaultConfigurationName = Release;
		};
		AF122E38207C2C920032C374 /* Build configuration list for PBXNativeTarget "DemoAppiOSTests" */ = {
			isa = XCConfigurationList;
			buildConfigurations = (
				AF122E39207C2C920032C374 /* Debug */,
				AF122E3A207C2C920032C374 /* Release */,
			);
			defaultConfigurationIsVisible = 0;
			defaultConfigurationName = Release;
		};
		AF122E3B207C2C920032C374 /* Build configuration list for PBXNativeTarget "DemoAppiOSUITests" */ = {
			isa = XCConfigurationList;
			buildConfigurations = (
				AF122E3C207C2C920032C374 /* Debug */,
				AF122E3D207C2C920032C374 /* Release */,
			);
			defaultConfigurationIsVisible = 0;
			defaultConfigurationName = Release;
		};
/* End XCConfigurationList section */

/* Begin XCVersionGroup section */
		AF122E12207C2C920032C374 /* DemoAppiOS.xcdatamodeld */ = {
			isa = XCVersionGroup;
			children = (
				AF122E13207C2C920032C374 /* DemoAppiOS.xcdatamodel */,
			);
			currentVersion = AF122E13207C2C920032C374 /* DemoAppiOS.xcdatamodel */;
			path = DemoAppiOS.xcdatamodeld;
			sourceTree = "<group>";
			versionGroupType = wrapper.xcdatamodel;
		};
/* End XCVersionGroup section */
	};
	rootObject = AF122DFE207C2C920032C374 /* Project object */;
}
